
Microsoft Visual Studio Solution File, Format Version 12.00
# Visual Studio Version 17
VisualStudioVersion = 17.9.34414.90
MinimumVisualStudioVersion = 10.0.40219.1
Project("{9A19103F-16F7-4668-BE54-9A1E7A4F7556}") = "WF&WPF 01. First programm", "WF&WPF 01. First programm\WF&WPF 01. First programm.csproj", "{C3945C93-AB57-4BB9-9A23-FCBD8F5A4219}"
EndProject
Project("{2150E333-8FDC-42A3-9474-1A3956D46DE8}") = "WF&WPF 01", "WF&WPF 01", "{28302D61-48C8-4295-8E6B-08300FB8DF1F}"
EndProject
Project("{2150E333-8FDC-42A3-9474-1A3956D46DE8}") = "WF&WPF 02", "WF&WPF 02", "{267E77CF-DD5E-4CB7-99F6-7D7BBC6BF6CC}"
EndProject
Project("{9A19103F-16F7-4668-BE54-9A1E7A4F7556}") = "WF&WPF 01. CheckBox & RadioButton", "WF&WPF 01. CheckBox & RadioButton\WF&WPF 01. CheckBox & RadioButton.csproj", "{307737CB-7B8C-4799-B45D-7E46A568184A}"
EndProject
Project("{9A19103F-16F7-4668-BE54-9A1E7A4F7556}") = "WF&WPF 02. RichTextBox, MaskedTextBox, ComboBox", "WF&WPF 02. RichTextBox, MaskedTextBox, ComboBox\WF&WPF 02. RichTextBox, MaskedTextBox, ComboBox.csproj", "{E5D74B50-A6B8-417E-BBA0-054416421D18}"
EndProject
Project("{2150E333-8FDC-42A3-9474-1A3956D46DE8}") = "WF&WPF 03", "WF&WPF 03", "{AEB3648A-C566-4C02-BA51-1D9B6F0A2768}"
EndProject
Project("{9A19103F-16F7-4668-BE54-9A1E7A4F7556}") = "WF&WPF 03. ListBox", "WF&WPF 03. ListBox\WF&WPF 03. ListBox.csproj", "{50B726FE-FFE6-4873-BF13-D8A373E1BE50}"
EndProject
Project("{9A19103F-16F7-4668-BE54-9A1E7A4F7556}") = "WF&WPF 03. ListBox Task", "WF&WPF 03. ListBox Task\WF&WPF 03. ListBox Task.csproj", "{D19C4A0F-FA86-4866-AE9D-76ED0B7BBDD7}"
EndProject
Project("{9A19103F-16F7-4668-BE54-9A1E7A4F7556}") = "WF&WPF 03. TreeView", "WF&WPF 03. TreeView\WF&WPF 03. TreeView.csproj", "{E04F4157-E090-4B38-BA1B-2D63239CA718}"
EndProject
Project("{9A19103F-16F7-4668-BE54-9A1E7A4F7556}") = "WF&WPF 03. Dialogs", "WF&WPF 03. Dialogs\WF&WPF 03. Dialogs.csproj", "{E0E5B591-1FF5-49A6-BB1F-AA33E3338448}"
EndProject
Project("{9A19103F-16F7-4668-BE54-9A1E7A4F7556}") = "WF&WPF 03. Menu_", "WF&WPF 03. Menu_\WF&WPF 03. Menu_.csproj", "{1CACB3E3-66D3-4544-9084-8B1C05094E07}"
EndProject
Project("{2150E333-8FDC-42A3-9474-1A3956D46DE8}") = "WF&WPF 04", "WF&WPF 04", "{61170D4B-1281-4444-A76F-6A44782198ED}"
EndProject
Project("{FAE04EC0-301F-11D3-BF4B-00C04F79EFBC}") = "WF&WPF 04. Timer and ProgressBar", "WF&WPF 04. Timer and ProgressBar\WF&WPF 04. Timer and ProgressBar.csproj", "{0DE13C85-44A9-4D26-B85C-0838973F5078}"
EndProject
Project("{FAE04EC0-301F-11D3-BF4B-00C04F79EFBC}") = "WF&WPF 04. TrackBar", "WF&WPF 04. TrackBar\WF&WPF 04. TrackBar.csproj", "{FB747F53-97E4-415E-B13E-B2D22C28C31B}"
EndProject
Project("{FAE04EC0-301F-11D3-BF4B-00C04F79EFBC}") = "WF&WPF 04. Panel", "WF&WPF 04. Panel\WF&WPF 04. Panel.csproj", "{4EC0330D-CAD1-4ED6-9A66-74DB4D8C101B}"
EndProject
Project("{FAE04EC0-301F-11D3-BF4B-00C04F79EFBC}") = "WF&WPF 04. TabControl", "WF&WPF 04. TabControl\WF&WPF 04. TabControl.csproj", "{A11D6356-4DA6-43A2-B84F-495421E80516}"
EndProject
Project("{FAE04EC0-301F-11D3-BF4B-00C04F79EFBC}") = "WF&WPF 04. SplitContainer", "WF&WPF 04. SplitContainer\WF&WPF 04. SplitContainer.csproj", "{511DFC3A-F520-48FB-ACC0-95FF7A931A18}"
EndProject
Project("{FAE04EC0-301F-11D3-BF4B-00C04F79EFBC}") = "WF&WPF 04. TableLAyout", "WF&WPF 04. TableLAyout\WF&WPF 04. TableLAyout.csproj", "{EC0268C0-2D4B-46CF-9AC9-D90C6F0E78DD}"
EndProject
Project("{FAE04EC0-301F-11D3-BF4B-00C04F79EFBC}") = "WF&WPF 04. Flow Layout", "WF&WPF 04. Flow Layout\WF&WPF 04. Flow Layout.csproj", "{5DF3F80F-DA89-4275-BA1E-46F0F2E082C1}"
EndProject
Project("{FAE04EC0-301F-11D3-BF4B-00C04F79EFBC}") = "WF&WPF", "WF&WPF\WF&WPF.csproj", "{C37EE1ED-639A-4C38-8286-C947ED724B21}"
EndProject
Global
	GlobalSection(SolutionConfigurationPlatforms) = preSolution
		Debug|Any CPU = Debug|Any CPU
		Release|Any CPU = Release|Any CPU
	EndGlobalSection
	GlobalSection(ProjectConfigurationPlatforms) = postSolution
		{C3945C93-AB57-4BB9-9A23-FCBD8F5A4219}.Debug|Any CPU.ActiveCfg = Debug|Any CPU
		{C3945C93-AB57-4BB9-9A23-FCBD8F5A4219}.Debug|Any CPU.Build.0 = Debug|Any CPU
		{C3945C93-AB57-4BB9-9A23-FCBD8F5A4219}.Release|Any CPU.ActiveCfg = Release|Any CPU
		{C3945C93-AB57-4BB9-9A23-FCBD8F5A4219}.Release|Any CPU.Build.0 = Release|Any CPU
		{307737CB-7B8C-4799-B45D-7E46A568184A}.Debug|Any CPU.ActiveCfg = Debug|Any CPU
		{307737CB-7B8C-4799-B45D-7E46A568184A}.Debug|Any CPU.Build.0 = Debug|Any CPU
		{307737CB-7B8C-4799-B45D-7E46A568184A}.Release|Any CPU.ActiveCfg = Release|Any CPU
		{307737CB-7B8C-4799-B45D-7E46A568184A}.Release|Any CPU.Build.0 = Release|Any CPU
		{E5D74B50-A6B8-417E-BBA0-054416421D18}.Debug|Any CPU.ActiveCfg = Debug|Any CPU
		{E5D74B50-A6B8-417E-BBA0-054416421D18}.Debug|Any CPU.Build.0 = Debug|Any CPU
		{E5D74B50-A6B8-417E-BBA0-054416421D18}.Release|Any CPU.ActiveCfg = Release|Any CPU
		{E5D74B50-A6B8-417E-BBA0-054416421D18}.Release|Any CPU.Build.0 = Release|Any CPU
		{50B726FE-FFE6-4873-BF13-D8A373E1BE50}.Debug|Any CPU.ActiveCfg = Debug|Any CPU
		{50B726FE-FFE6-4873-BF13-D8A373E1BE50}.Debug|Any CPU.Build.0 = Debug|Any CPU
		{50B726FE-FFE6-4873-BF13-D8A373E1BE50}.Release|Any CPU.ActiveCfg = Release|Any CPU
		{50B726FE-FFE6-4873-BF13-D8A373E1BE50}.Release|Any CPU.Build.0 = Release|Any CPU
		{D19C4A0F-FA86-4866-AE9D-76ED0B7BBDD7}.Debug|Any CPU.ActiveCfg = Debug|Any CPU
		{D19C4A0F-FA86-4866-AE9D-76ED0B7BBDD7}.Debug|Any CPU.Build.0 = Debug|Any CPU
		{D19C4A0F-FA86-4866-AE9D-76ED0B7BBDD7}.Release|Any CPU.ActiveCfg = Release|Any CPU
		{D19C4A0F-FA86-4866-AE9D-76ED0B7BBDD7}.Release|Any CPU.Build.0 = Release|Any CPU
		{E04F4157-E090-4B38-BA1B-2D63239CA718}.Debug|Any CPU.ActiveCfg = Debug|Any CPU
		{E04F4157-E090-4B38-BA1B-2D63239CA718}.Debug|Any CPU.Build.0 = Debug|Any CPU
		{E04F4157-E090-4B38-BA1B-2D63239CA718}.Release|Any CPU.ActiveCfg = Release|Any CPU
		{E04F4157-E090-4B38-BA1B-2D63239CA718}.Release|Any CPU.Build.0 = Release|Any CPU
		{E0E5B591-1FF5-49A6-BB1F-AA33E3338448}.Debug|Any CPU.ActiveCfg = Debug|Any CPU
		{E0E5B591-1FF5-49A6-BB1F-AA33E3338448}.Debug|Any CPU.Build.0 = Debug|Any CPU
		{E0E5B591-1FF5-49A6-BB1F-AA33E3338448}.Release|Any CPU.ActiveCfg = Release|Any CPU
		{E0E5B591-1FF5-49A6-BB1F-AA33E3338448}.Release|Any CPU.Build.0 = Release|Any CPU
		{1CACB3E3-66D3-4544-9084-8B1C05094E07}.Debug|Any CPU.ActiveCfg = Debug|Any CPU
		{1CACB3E3-66D3-4544-9084-8B1C05094E07}.Debug|Any CPU.Build.0 = Debug|Any CPU
		{1CACB3E3-66D3-4544-9084-8B1C05094E07}.Release|Any CPU.ActiveCfg = Release|Any CPU
		{1CACB3E3-66D3-4544-9084-8B1C05094E07}.Release|Any CPU.Build.0 = Release|Any CPU
		{0DE13C85-44A9-4D26-B85C-0838973F5078}.Debug|Any CPU.ActiveCfg = Debug|Any CPU
		{0DE13C85-44A9-4D26-B85C-0838973F5078}.Debug|Any CPU.Build.0 = Debug|Any CPU
		{0DE13C85-44A9-4D26-B85C-0838973F5078}.Release|Any CPU.ActiveCfg = Release|Any CPU
		{0DE13C85-44A9-4D26-B85C-0838973F5078}.Release|Any CPU.Build.0 = Release|Any CPU
		{FB747F53-97E4-415E-B13E-B2D22C28C31B}.Debug|Any CPU.ActiveCfg = Debug|Any CPU
		{FB747F53-97E4-415E-B13E-B2D22C28C31B}.Debug|Any CPU.Build.0 = Debug|Any CPU
		{FB747F53-97E4-415E-B13E-B2D22C28C31B}.Release|Any CPU.ActiveCfg = Release|Any CPU
		{FB747F53-97E4-415E-B13E-B2D22C28C31B}.Release|Any CPU.Build.0 = Release|Any CPU
		{4EC0330D-CAD1-4ED6-9A66-74DB4D8C101B}.Debug|Any CPU.ActiveCfg = Debug|Any CPU
		{4EC0330D-CAD1-4ED6-9A66-74DB4D8C101B}.Debug|Any CPU.Build.0 = Debug|Any CPU
		{4EC0330D-CAD1-4ED6-9A66-74DB4D8C101B}.Release|Any CPU.ActiveCfg = Release|Any CPU
		{4EC0330D-CAD1-4ED6-9A66-74DB4D8C101B}.Release|Any CPU.Build.0 = Release|Any CPU
		{A11D6356-4DA6-43A2-B84F-495421E80516}.Debug|Any CPU.ActiveCfg = Debug|Any CPU
		{A11D6356-4DA6-43A2-B84F-495421E80516}.Debug|Any CPU.Build.0 = Debug|Any CPU
		{A11D6356-4DA6-43A2-B84F-495421E80516}.Release|Any CPU.ActiveCfg = Release|Any CPU
		{A11D6356-4DA6-43A2-B84F-495421E80516}.Release|Any CPU.Build.0 = Release|Any CPU
		{511DFC3A-F520-48FB-ACC0-95FF7A931A18}.Debug|Any CPU.ActiveCfg = Debug|Any CPU
		{511DFC3A-F520-48FB-ACC0-95FF7A931A18}.Debug|Any CPU.Build.0 = Debug|Any CPU
		{511DFC3A-F520-48FB-ACC0-95FF7A931A18}.Release|Any CPU.ActiveCfg = Release|Any CPU
		{511DFC3A-F520-48FB-ACC0-95FF7A931A18}.Release|Any CPU.Build.0 = Release|Any CPU
		{EC0268C0-2D4B-46CF-9AC9-D90C6F0E78DD}.Debug|Any CPU.ActiveCfg = Debug|Any CPU
		{EC0268C0-2D4B-46CF-9AC9-D90C6F0E78DD}.Debug|Any CPU.Build.0 = Debug|Any CPU
		{EC0268C0-2D4B-46CF-9AC9-D90C6F0E78DD}.Release|Any CPU.ActiveCfg = Release|Any CPU
		{EC0268C0-2D4B-46CF-9AC9-D90C6F0E78DD}.Release|Any CPU.Build.0 = Release|Any CPU
		{5DF3F80F-DA89-4275-BA1E-46F0F2E082C1}.Debug|Any CPU.ActiveCfg = Debug|Any CPU
		{5DF3F80F-DA89-4275-BA1E-46F0F2E082C1}.Debug|Any CPU.Build.0 = Debug|Any CPU
		{5DF3F80F-DA89-4275-BA1E-46F0F2E082C1}.Release|Any CPU.ActiveCfg = Release|Any CPU
		{5DF3F80F-DA89-4275-BA1E-46F0F2E082C1}.Release|Any CPU.Build.0 = Release|Any CPU
		{C37EE1ED-639A-4C38-8286-C947ED724B21}.Debug|Any CPU.ActiveCfg = Debug|Any CPU
		{C37EE1ED-639A-4C38-8286-C947ED724B21}.Debug|Any CPU.Build.0 = Debug|Any CPU
		{C37EE1ED-639A-4C38-8286-C947ED724B21}.Release|Any CPU.ActiveCfg = Release|Any CPU
		{C37EE1ED-639A-4C38-8286-C947ED724B21}.Release|Any CPU.Build.0 = Release|Any CPU
	EndGlobalSection
	GlobalSection(SolutionProperties) = preSolution
		HideSolutionNode = FALSE
	EndGlobalSection
	GlobalSection(NestedProjects) = preSolution
		{C3945C93-AB57-4BB9-9A23-FCBD8F5A4219} = {28302D61-48C8-4295-8E6B-08300FB8DF1F}
		{307737CB-7B8C-4799-B45D-7E46A568184A} = {267E77CF-DD5E-4CB7-99F6-7D7BBC6BF6CC}
		{E5D74B50-A6B8-417E-BBA0-054416421D18} = {267E77CF-DD5E-4CB7-99F6-7D7BBC6BF6CC}
		{50B726FE-FFE6-4873-BF13-D8A373E1BE50} = {AEB3648A-C566-4C02-BA51-1D9B6F0A2768}
		{D19C4A0F-FA86-4866-AE9D-76ED0B7BBDD7} = {AEB3648A-C566-4C02-BA51-1D9B6F0A2768}
		{E04F4157-E090-4B38-BA1B-2D63239CA718} = {AEB3648A-C566-4C02-BA51-1D9B6F0A2768}
		{E0E5B591-1FF5-49A6-BB1F-AA33E3338448} = {AEB3648A-C566-4C02-BA51-1D9B6F0A2768}
		{1CACB3E3-66D3-4544-9084-8B1C05094E07} = {AEB3648A-C566-4C02-BA51-1D9B6F0A2768}
		{0DE13C85-44A9-4D26-B85C-0838973F5078} = {61170D4B-1281-4444-A76F-6A44782198ED}
		{FB747F53-97E4-415E-B13E-B2D22C28C31B} = {61170D4B-1281-4444-A76F-6A44782198ED}
		{4EC0330D-CAD1-4ED6-9A66-74DB4D8C101B} = {61170D4B-1281-4444-A76F-6A44782198ED}
		{A11D6356-4DA6-43A2-B84F-495421E80516} = {61170D4B-1281-4444-A76F-6A44782198ED}
		{511DFC3A-F520-48FB-ACC0-95FF7A931A18} = {61170D4B-1281-4444-A76F-6A44782198ED}
		{EC0268C0-2D4B-46CF-9AC9-D90C6F0E78DD} = {61170D4B-1281-4444-A76F-6A44782198ED}
		{5DF3F80F-DA89-4275-BA1E-46F0F2E082C1} = {61170D4B-1281-4444-A76F-6A44782198ED}
	EndGlobalSection
	GlobalSection(ExtensibilityGlobals) = postSolution
		SolutionGuid = {155B87F9-6BA8-453E-B558-6020FA54B46C}
	EndGlobalSection
EndGlobal
