
Microsoft Visual Studio Solution File, Format Version 12.00
# Visual Studio Version 17
VisualStudioVersion = 17.9.34414.90
MinimumVisualStudioVersion = 10.0.40219.1
Project("{9A19103F-16F7-4668-BE54-9A1E7A4F7556}") = "WF&WPF 01. First programm", "WF&WPF 01. First programm\WF&WPF 01. First programm.csproj", "{C3945C93-AB57-4BB9-9A23-FCBD8F5A4219}"
EndProject
Project("{2150E333-8FDC-42A3-9474-1A3956D46DE8}") = "WF&WPF 01", "WF&WPF 01", "{28302D61-48C8-4295-8E6B-08300FB8DF1F}"
EndProject
Project("{2150E333-8FDC-42A3-9474-1A3956D46DE8}") = "WF&WPF 02", "WF&WPF 02", "{267E77CF-DD5E-4CB7-99F6-7D7BBC6BF6CC}"
EndProject
Project("{9A19103F-16F7-4668-BE54-9A1E7A4F7556}") = "WF&WPF 01. CheckBox & RadioButton", "WF&WPF 01. CheckBox & RadioButton\WF&WPF 01. CheckBox & RadioButton.csproj", "{307737CB-7B8C-4799-B45D-7E46A568184A}"
EndProject
Project("{9A19103F-16F7-4668-BE54-9A1E7A4F7556}") = "WF&WPF 02. RichTextBox, MaskedTextBox, ComboBox", "WF&WPF 02. RichTextBox, MaskedTextBox, ComboBox\WF&WPF 02. RichTextBox, MaskedTextBox, ComboBox.csproj", "{E5D74B50-A6B8-417E-BBA0-054416421D18}"
EndProject
Project("{2150E333-8FDC-42A3-9474-1A3956D46DE8}") = "WF&WPF 03", "WF&WPF 03", "{AEB3648A-C566-4C02-BA51-1D9B6F0A2768}"
EndProject
Project("{9A19103F-16F7-4668-BE54-9A1E7A4F7556}") = "WF&WPF 03. ListBox", "WF&WPF 03. ListBox\WF&WPF 03. ListBox.csproj", "{50B726FE-FFE6-4873-BF13-D8A373E1BE50}"
EndProject
Project("{9A19103F-16F7-4668-BE54-9A1E7A4F7556}") = "WF&WPF 03. ListBox Task", "WF&WPF 03. ListBox Task\WF&WPF 03. ListBox Task.csproj", "{D19C4A0F-FA86-4866-AE9D-76ED0B7BBDD7}"
EndProject
Project("{9A19103F-16F7-4668-BE54-9A1E7A4F7556}") = "WF&WPF 03. TreeView", "WF&WPF 03. TreeView\WF&WPF 03. TreeView.csproj", "{E04F4157-E090-4B38-BA1B-2D63239CA718}"
EndProject
Project("{9A19103F-16F7-4668-BE54-9A1E7A4F7556}") = "WF&WPF 03. Dialogs", "WF&WPF 03. Dialogs\WF&WPF 03. Dialogs.csproj", "{E0E5B591-1FF5-49A6-BB1F-AA33E3338448}"
EndProject
Project("{9A19103F-16F7-4668-BE54-9A1E7A4F7556}") = "WF&WPF 03. Menu_", "WF&WPF 03. Menu_\WF&WPF 03. Menu_.csproj", "{1CACB3E3-66D3-4544-9084-8B1C05094E07}"
EndProject
Project("{2150E333-8FDC-42A3-9474-1A3956D46DE8}") = "WF&WPF 04", "WF&WPF 04", "{61170D4B-1281-4444-A76F-6A44782198ED}"
EndProject
Project("{9A19103F-16F7-4668-BE54-9A1E7A4F7556}") = "WF&WPF 04. Timer and ProgressBar", "WF&WPF 04. Timer and ProgressBar\WF&WPF 04. Timer and ProgressBar.csproj", "{0DE13C85-44A9-4D26-B85C-0838973F5078}"
EndProject
Project("{9A19103F-16F7-4668-BE54-9A1E7A4F7556}") = "WF&WPF 04. TrackBar", "WF&WPF 04. TrackBar\WF&WPF 04. TrackBar.csproj", "{FB747F53-97E4-415E-B13E-B2D22C28C31B}"
EndProject
Project("{9A19103F-16F7-4668-BE54-9A1E7A4F7556}") = "WF&WPF 04. Panel", "WF&WPF 04. Panel\WF&WPF 04. Panel.csproj", "{4EC0330D-CAD1-4ED6-9A66-74DB4D8C101B}"
EndProject
Project("{9A19103F-16F7-4668-BE54-9A1E7A4F7556}") = "WF&WPF 04. TabControl", "WF&WPF 04. TabControl\WF&WPF 04. TabControl.csproj", "{A11D6356-4DA6-43A2-B84F-495421E80516}"
EndProject
Project("{9A19103F-16F7-4668-BE54-9A1E7A4F7556}") = "WF&WPF 04. SplitContainer", "WF&WPF 04. SplitContainer\WF&WPF 04. SplitContainer.csproj", "{511DFC3A-F520-48FB-ACC0-95FF7A931A18}"
EndProject
Project("{9A19103F-16F7-4668-BE54-9A1E7A4F7556}") = "WF&WPF 04. TableLAyout", "WF&WPF 04. TableLAyout\WF&WPF 04. TableLAyout.csproj", "{EC0268C0-2D4B-46CF-9AC9-D90C6F0E78DD}"
EndProject
Project("{9A19103F-16F7-4668-BE54-9A1E7A4F7556}") = "WF&WPF 04. Flow Layout", "WF&WPF 04. Flow Layout\WF&WPF 04. Flow Layout.csproj", "{5DF3F80F-DA89-4275-BA1E-46F0F2E082C1}"
EndProject
Project("{9A19103F-16F7-4668-BE54-9A1E7A4F7556}") = "WF&WPF 04. Forms create", "WF&WPF\WF&WPF 04. Forms create.csproj", "{C37EE1ED-639A-4C38-8286-C947ED724B21}"
EndProject
Project("{2150E333-8FDC-42A3-9474-1A3956D46DE8}") = "WF&WPF 05", "WF&WPF 05", "{213A14AA-CC26-40C9-A404-EDA0389986B8}"
EndProject
Project("{9A19103F-16F7-4668-BE54-9A1E7A4F7556}") = "WF&WPF 05. WPF Intro", "WF&WPF 05. WPF Intro\WF&WPF 05. WPF Intro.csproj", "{DFB62C97-9FAF-4A74-8AA4-316E78C6CB37}"
EndProject
Project("{9A19103F-16F7-4668-BE54-9A1E7A4F7556}") = "WF&WPF 05. XAML Syntax", "WF&WPF 05. XAML Syntax\WF&WPF 05. XAML Syntax.csproj", "{0E4829FB-EEFD-4AF4-BDC6-74EAB9549EAA}"
EndProject
Project("{2150E333-8FDC-42A3-9474-1A3956D46DE8}") = "WF&WPF 06", "WF&WPF 06", "{7BB6BE2D-79AF-4234-BF7B-36C98B756CB8}"
EndProject
Project("{9A19103F-16F7-4668-BE54-9A1E7A4F7556}") = "WF&WPF 06. Panels-Grid", "WF&WPF 06. Panels-Grid\WF&WPF 06. Panels-Grid.csproj", "{D3C124DC-01D0-4C9A-B0C2-D8BAA3142FEB}"
EndProject
Project("{9A19103F-16F7-4668-BE54-9A1E7A4F7556}") = "WF&WPF 06. Grid Task", "WF&WPF 05. Grid Task\WF&WPF 06. Grid Task.csproj", "{E33C2C7E-8E61-46FC-9678-AAC0C3BED572}"
EndProject
Project("{9A19103F-16F7-4668-BE54-9A1E7A4F7556}") = "WF&WPF 06. Panels - UniformGrid", "WF&WPF 05. Panel - UniformGrid\WF&WPF 06. Panels - UniformGrid.csproj", "{20C450B9-2BA8-458D-B6C5-1D0429FBDA29}"
EndProject
Project("{9A19103F-16F7-4668-BE54-9A1E7A4F7556}") = "WF&WPF 06. Panels - Stack", "WF&WPF 05. Panels - Stack\WF&WPF 06. Panels - Stack.csproj", "{1BE3981C-2387-429E-B993-43B1D06F415E}"
EndProject
Project("{9A19103F-16F7-4668-BE54-9A1E7A4F7556}") = "WF&WPF 06. Panels - WrapPanel", "WF&WPF 05. Panels - WrapPanel\WF&WPF 06. Panels - WrapPanel.csproj", "{F429F20C-34B4-4754-960A-387B5D1EC75D}"
EndProject
Project("{9A19103F-16F7-4668-BE54-9A1E7A4F7556}") = "WF&WPF 06. Panels - DockPanel", "WF&WPF 06. Panels - DockPanel\WF&WPF 06. Panels - DockPanel.csproj", "{655EBC1C-2F8F-4C95-AA55-C1C7D7383DE2}"
EndProject
Project("{9A19103F-16F7-4668-BE54-9A1E7A4F7556}") = "WF&WPF 06. Panels - Canvas", "WF&WPF 06. Panels - Canvas\WF&WPF 06. Panels - Canvas.csproj", "{888C47ED-B4CE-4138-9E57-7562D8525598}"
EndProject
Project("{9A19103F-16F7-4668-BE54-9A1E7A4F7556}") = "WF&WPF 06. Markup Login Page", "WF&WPF 06. Markup Login Page\WF&WPF 06. Markup Login Page.csproj", "{A4D2333C-39F4-435B-BEA5-FF0244C4FF93}"
EndProject
Project("{2150E333-8FDC-42A3-9474-1A3956D46DE8}") = "WF&WPF 07", "WF&WPF 07", "{B345A03A-D11B-4BA2-881D-4E5E64D038A2}"
EndProject
Project("{9A19103F-16F7-4668-BE54-9A1E7A4F7556}") = "WF&WPF 07. Buttons", "WF&WPF 07. Buttons\WF&WPF 07. Buttons.csproj", "{2B7D9B6F-555E-4F27-A83A-0C1E0099C79E}"
EndProject
Project("{9A19103F-16F7-4668-BE54-9A1E7A4F7556}") = "WF&WPF 07. Input", "WF&WPF 07. Input\WF&WPF 07. Input.csproj", "{9C3D4BC0-8D97-443B-9EDB-A8614F88E201}"
EndProject
Project("{9A19103F-16F7-4668-BE54-9A1E7A4F7556}") = "WF&WPF 07. Grouping", "WF&WPF 07. Grouping\WF&WPF 07. Grouping.csproj", "{ADDCC57D-5A41-421B-AE11-882CA240D5D2}"
EndProject
Project("{9A19103F-16F7-4668-BE54-9A1E7A4F7556}") = "WF&WPF 07. Media", "WF&WPF 07. Media\WF&WPF 07. Media.csproj", "{5E274301-8B25-4906-A56F-E4C75A956E02}"
EndProject
Project("{2150E333-8FDC-42A3-9474-1A3956D46DE8}") = "WF&WPF 08", "WF&WPF 08", "{DB9C41EE-0AA1-43DC-8C8C-3B8254011F0D}"
EndProject
Project("{9A19103F-16F7-4668-BE54-9A1E7A4F7556}") = "WF&WPF 08. ListBox", "WF&WPF 08. ListBox\WF&WPF 08. ListBox.csproj", "{FFE6E973-C46E-4C96-BD0C-32F6F6FDDD31}"
EndProject
Project("{9A19103F-16F7-4668-BE54-9A1E7A4F7556}") = "WF&WPF 08. ListBox & List", "WF&WPF 08. ListBox & List\WF&WPF 08. ListBox & List.csproj", "{DA2E0DE4-7F63-43CB-96AA-5543444B45F4}"
EndProject
Project("{9A19103F-16F7-4668-BE54-9A1E7A4F7556}") = "WF&WPF 08. ListBox & class", "WF&WPF 08. ListBox & class\WF&WPF 08. ListBox & class.csproj", "{F36FC46A-4BA1-4B10-BC82-DDF4E645E34C}"
EndProject
Project("{2150E333-8FDC-42A3-9474-1A3956D46DE8}") = "WF&WPF 09", "WF&WPF 09", "{E7A0243A-7A5D-4F44-9B2F-E65B3FAE65D4}"
EndProject
Project("{9A19103F-16F7-4668-BE54-9A1E7A4F7556}") = "WF&WPF 09. ComboBox", "WF&WPF 09. ComboBox\WF&WPF 09. ComboBox.csproj", "{9C1312B7-D79D-42F3-9B01-886DF52E29E2}"
EndProject
Project("{9A19103F-16F7-4668-BE54-9A1E7A4F7556}") = "WF&WPF 09. ListView", "WF&WPF 09. ListView\WF&WPF 09. ListView.csproj", "{ED589B7E-37A1-4285-AEC9-2F62E883211D}"
EndProject
Project("{2150E333-8FDC-42A3-9474-1A3956D46DE8}") = "WF&WPF 10", "WF&WPF 10", "{62D04F9E-9C35-4BC3-8955-8E67791C1D16}"
EndProject
Project("{9A19103F-16F7-4668-BE54-9A1E7A4F7556}") = "WF&WPF 10. Binding", "WF&WPF 10. Binding\WF&WPF 10. Binding.csproj", "{79F265F7-3690-4032-9D8E-DE455272DC36}"
EndProject
Project("{9A19103F-16F7-4668-BE54-9A1E7A4F7556}") = "WF&WPF 10. Binding Element And Property", "WF&WPF 10. Binding Element And Property\WF&WPF 10. Binding Element And Property.csproj", "{03DC3200-E8A7-4261-A6E1-AA05D8EF966B}"
EndProject
Project("{9A19103F-16F7-4668-BE54-9A1E7A4F7556}") = "WF&WPF 10. BindModes", "WF&WPF 10. BindModes\WF&WPF 10. BindModes.csproj", "{CADF149C-5315-4162-B8F5-6170107392EF}"
EndProject
Project("{9A19103F-16F7-4668-BE54-9A1E7A4F7556}") = "WF&WPF 10. Collection Notify", "WF&WPF 10. Collection Notify\WF&WPF 10. Collection Notify.csproj", "{9D7A3C60-C75B-48AB-9DA8-06667A9E3B34}"
EndProject
Project("{2150E333-8FDC-42A3-9474-1A3956D46DE8}") = "WF&WPF 11", "WF&WPF 11", "{908E2CC6-B6EF-4CC5-98DE-49D14B433F0E}"
EndProject
Project("{9A19103F-16F7-4668-BE54-9A1E7A4F7556}") = "WF&WPF 11. Commands", "WF&WPF 11. Commands\WF&WPF 11. Commands.csproj", "{E860A173-C49C-4A5B-95E8-EB4C9300FE27}"
EndProject
Project("{9A19103F-16F7-4668-BE54-9A1E7A4F7556}") = "WF&WPF 11. Templates", "WF&WPF 11. Templates\WF&WPF 11. Templates.csproj", "{4397ADE0-8FAF-470E-B8ED-768BA217F538}"
EndProject
Project("{2150E333-8FDC-42A3-9474-1A3956D46DE8}") = "WF&WPF 12", "WF&WPF 12", "{8D2459C1-7938-4E88-9284-A972A05B7FFF}"
EndProject
Project("{9A19103F-16F7-4668-BE54-9A1E7A4F7556}") = "WF&WPF 12. Logbook (MVP WPF)", "WF&WPF 12. Logbook (MVP WPF)\WF&WPF 12. Logbook (MVP WPF).csproj", "{CA198AA8-D15F-443B-89E4-713A4758EDCC}"
EndProject
Project("{9A19103F-16F7-4668-BE54-9A1E7A4F7556}") = "WF&WPF 12. MVP Sample", "WF&WPF 12. MVP Sample\WF&WPF 12. MVP Sample.csproj", "{AB1C1B6A-87E6-4004-8260-D3CA82F09B40}"
EndProject
Project("{9A19103F-16F7-4668-BE54-9A1E7A4F7556}") = "WF&WPF 12. MVP Sample (interface)", "WF&WPF 12. MVP Sample (interface)\WF&WPF 12. MVP Sample (interface).csproj", "{53B90C4A-3CF9-4000-8C10-4035DF18B103}"
EndProject
Project("{2150E333-8FDC-42A3-9474-1A3956D46DE8}") = "WF&WPF 13", "WF&WPF 13", "{375FE15A-9EB7-42E1-AB53-45BC774554C6}"
EndProject
Project("{9A19103F-16F7-4668-BE54-9A1E7A4F7556}") = "WF&WPF 13. Logbook WF (MVP)", "WF&WPF 13. Logbook WF (MVP)\WF&WPF 13. Logbook WF (MVP).csproj", "{3F7A8686-F07F-4BCD-B158-6C9F0554AFE7}"
EndProject
Project("{9A19103F-16F7-4668-BE54-9A1E7A4F7556}") = "LogbookLibrary", "LogbookLibrary\LogbookLibrary.csproj", "{69D8E89B-96A7-41BC-8C15-73DB003D5D2E}"
EndProject
Project("{9A19103F-16F7-4668-BE54-9A1E7A4F7556}") = "WF&WPF 13. MVP Example (multi window)", "WF&WPF 13. MVP Example (multi window)\WF&WPF 13. MVP Example (multi window).csproj", "{BEE08654-3BC6-4641-910F-0F1AB08FB6F3}"
EndProject
Project("{2150E333-8FDC-42A3-9474-1A3956D46DE8}") = "WF&WPF 14", "WF&WPF 14", "{56BAD6D7-6CC2-4E80-BF6F-BA5203B032E8}"
EndProject
Project("{9A19103F-16F7-4668-BE54-9A1E7A4F7556}") = "WF&WPF. MVVM Example", "WF&WPF. MVVM Example\WF&WPF. MVVM Example.csproj", "{6F319AEA-9AA4-4A88-AFD5-6D2B9FDB36CE}"
EndProject
Global
	GlobalSection(SolutionConfigurationPlatforms) = preSolution
		Debug|Any CPU = Debug|Any CPU
		Release|Any CPU = Release|Any CPU
	EndGlobalSection
	GlobalSection(ProjectConfigurationPlatforms) = postSolution
		{C3945C93-AB57-4BB9-9A23-FCBD8F5A4219}.Debug|Any CPU.ActiveCfg = Debug|Any CPU
		{C3945C93-AB57-4BB9-9A23-FCBD8F5A4219}.Debug|Any CPU.Build.0 = Debug|Any CPU
		{C3945C93-AB57-4BB9-9A23-FCBD8F5A4219}.Release|Any CPU.ActiveCfg = Release|Any CPU
		{C3945C93-AB57-4BB9-9A23-FCBD8F5A4219}.Release|Any CPU.Build.0 = Release|Any CPU
		{307737CB-7B8C-4799-B45D-7E46A568184A}.Debug|Any CPU.ActiveCfg = Debug|Any CPU
		{307737CB-7B8C-4799-B45D-7E46A568184A}.Debug|Any CPU.Build.0 = Debug|Any CPU
		{307737CB-7B8C-4799-B45D-7E46A568184A}.Release|Any CPU.ActiveCfg = Release|Any CPU
		{307737CB-7B8C-4799-B45D-7E46A568184A}.Release|Any CPU.Build.0 = Release|Any CPU
		{E5D74B50-A6B8-417E-BBA0-054416421D18}.Debug|Any CPU.ActiveCfg = Debug|Any CPU
		{E5D74B50-A6B8-417E-BBA0-054416421D18}.Debug|Any CPU.Build.0 = Debug|Any CPU
		{E5D74B50-A6B8-417E-BBA0-054416421D18}.Release|Any CPU.ActiveCfg = Release|Any CPU
		{E5D74B50-A6B8-417E-BBA0-054416421D18}.Release|Any CPU.Build.0 = Release|Any CPU
		{50B726FE-FFE6-4873-BF13-D8A373E1BE50}.Debug|Any CPU.ActiveCfg = Debug|Any CPU
		{50B726FE-FFE6-4873-BF13-D8A373E1BE50}.Debug|Any CPU.Build.0 = Debug|Any CPU
		{50B726FE-FFE6-4873-BF13-D8A373E1BE50}.Release|Any CPU.ActiveCfg = Release|Any CPU
		{50B726FE-FFE6-4873-BF13-D8A373E1BE50}.Release|Any CPU.Build.0 = Release|Any CPU
		{D19C4A0F-FA86-4866-AE9D-76ED0B7BBDD7}.Debug|Any CPU.ActiveCfg = Debug|Any CPU
		{D19C4A0F-FA86-4866-AE9D-76ED0B7BBDD7}.Debug|Any CPU.Build.0 = Debug|Any CPU
		{D19C4A0F-FA86-4866-AE9D-76ED0B7BBDD7}.Release|Any CPU.ActiveCfg = Release|Any CPU
		{D19C4A0F-FA86-4866-AE9D-76ED0B7BBDD7}.Release|Any CPU.Build.0 = Release|Any CPU
		{E04F4157-E090-4B38-BA1B-2D63239CA718}.Debug|Any CPU.ActiveCfg = Debug|Any CPU
		{E04F4157-E090-4B38-BA1B-2D63239CA718}.Debug|Any CPU.Build.0 = Debug|Any CPU
		{E04F4157-E090-4B38-BA1B-2D63239CA718}.Release|Any CPU.ActiveCfg = Release|Any CPU
		{E04F4157-E090-4B38-BA1B-2D63239CA718}.Release|Any CPU.Build.0 = Release|Any CPU
		{E0E5B591-1FF5-49A6-BB1F-AA33E3338448}.Debug|Any CPU.ActiveCfg = Debug|Any CPU
		{E0E5B591-1FF5-49A6-BB1F-AA33E3338448}.Debug|Any CPU.Build.0 = Debug|Any CPU
		{E0E5B591-1FF5-49A6-BB1F-AA33E3338448}.Release|Any CPU.ActiveCfg = Release|Any CPU
		{E0E5B591-1FF5-49A6-BB1F-AA33E3338448}.Release|Any CPU.Build.0 = Release|Any CPU
		{1CACB3E3-66D3-4544-9084-8B1C05094E07}.Debug|Any CPU.ActiveCfg = Debug|Any CPU
		{1CACB3E3-66D3-4544-9084-8B1C05094E07}.Debug|Any CPU.Build.0 = Debug|Any CPU
		{1CACB3E3-66D3-4544-9084-8B1C05094E07}.Release|Any CPU.ActiveCfg = Release|Any CPU
		{1CACB3E3-66D3-4544-9084-8B1C05094E07}.Release|Any CPU.Build.0 = Release|Any CPU
		{0DE13C85-44A9-4D26-B85C-0838973F5078}.Debug|Any CPU.ActiveCfg = Debug|Any CPU
		{0DE13C85-44A9-4D26-B85C-0838973F5078}.Debug|Any CPU.Build.0 = Debug|Any CPU
		{0DE13C85-44A9-4D26-B85C-0838973F5078}.Release|Any CPU.ActiveCfg = Release|Any CPU
		{0DE13C85-44A9-4D26-B85C-0838973F5078}.Release|Any CPU.Build.0 = Release|Any CPU
		{FB747F53-97E4-415E-B13E-B2D22C28C31B}.Debug|Any CPU.ActiveCfg = Debug|Any CPU
		{FB747F53-97E4-415E-B13E-B2D22C28C31B}.Debug|Any CPU.Build.0 = Debug|Any CPU
		{FB747F53-97E4-415E-B13E-B2D22C28C31B}.Release|Any CPU.ActiveCfg = Release|Any CPU
		{FB747F53-97E4-415E-B13E-B2D22C28C31B}.Release|Any CPU.Build.0 = Release|Any CPU
		{4EC0330D-CAD1-4ED6-9A66-74DB4D8C101B}.Debug|Any CPU.ActiveCfg = Debug|Any CPU
		{4EC0330D-CAD1-4ED6-9A66-74DB4D8C101B}.Debug|Any CPU.Build.0 = Debug|Any CPU
		{4EC0330D-CAD1-4ED6-9A66-74DB4D8C101B}.Release|Any CPU.ActiveCfg = Release|Any CPU
		{4EC0330D-CAD1-4ED6-9A66-74DB4D8C101B}.Release|Any CPU.Build.0 = Release|Any CPU
		{A11D6356-4DA6-43A2-B84F-495421E80516}.Debug|Any CPU.ActiveCfg = Debug|Any CPU
		{A11D6356-4DA6-43A2-B84F-495421E80516}.Debug|Any CPU.Build.0 = Debug|Any CPU
		{A11D6356-4DA6-43A2-B84F-495421E80516}.Release|Any CPU.ActiveCfg = Release|Any CPU
		{A11D6356-4DA6-43A2-B84F-495421E80516}.Release|Any CPU.Build.0 = Release|Any CPU
		{511DFC3A-F520-48FB-ACC0-95FF7A931A18}.Debug|Any CPU.ActiveCfg = Debug|Any CPU
		{511DFC3A-F520-48FB-ACC0-95FF7A931A18}.Debug|Any CPU.Build.0 = Debug|Any CPU
		{511DFC3A-F520-48FB-ACC0-95FF7A931A18}.Release|Any CPU.ActiveCfg = Release|Any CPU
		{511DFC3A-F520-48FB-ACC0-95FF7A931A18}.Release|Any CPU.Build.0 = Release|Any CPU
		{EC0268C0-2D4B-46CF-9AC9-D90C6F0E78DD}.Debug|Any CPU.ActiveCfg = Debug|Any CPU
		{EC0268C0-2D4B-46CF-9AC9-D90C6F0E78DD}.Debug|Any CPU.Build.0 = Debug|Any CPU
		{EC0268C0-2D4B-46CF-9AC9-D90C6F0E78DD}.Release|Any CPU.ActiveCfg = Release|Any CPU
		{EC0268C0-2D4B-46CF-9AC9-D90C6F0E78DD}.Release|Any CPU.Build.0 = Release|Any CPU
		{5DF3F80F-DA89-4275-BA1E-46F0F2E082C1}.Debug|Any CPU.ActiveCfg = Debug|Any CPU
		{5DF3F80F-DA89-4275-BA1E-46F0F2E082C1}.Debug|Any CPU.Build.0 = Debug|Any CPU
		{5DF3F80F-DA89-4275-BA1E-46F0F2E082C1}.Release|Any CPU.ActiveCfg = Release|Any CPU
		{5DF3F80F-DA89-4275-BA1E-46F0F2E082C1}.Release|Any CPU.Build.0 = Release|Any CPU
		{C37EE1ED-639A-4C38-8286-C947ED724B21}.Debug|Any CPU.ActiveCfg = Debug|Any CPU
		{C37EE1ED-639A-4C38-8286-C947ED724B21}.Debug|Any CPU.Build.0 = Debug|Any CPU
		{C37EE1ED-639A-4C38-8286-C947ED724B21}.Release|Any CPU.ActiveCfg = Release|Any CPU
		{C37EE1ED-639A-4C38-8286-C947ED724B21}.Release|Any CPU.Build.0 = Release|Any CPU
		{DFB62C97-9FAF-4A74-8AA4-316E78C6CB37}.Debug|Any CPU.ActiveCfg = Debug|Any CPU
		{DFB62C97-9FAF-4A74-8AA4-316E78C6CB37}.Debug|Any CPU.Build.0 = Debug|Any CPU
		{DFB62C97-9FAF-4A74-8AA4-316E78C6CB37}.Release|Any CPU.ActiveCfg = Release|Any CPU
		{DFB62C97-9FAF-4A74-8AA4-316E78C6CB37}.Release|Any CPU.Build.0 = Release|Any CPU
		{0E4829FB-EEFD-4AF4-BDC6-74EAB9549EAA}.Debug|Any CPU.ActiveCfg = Debug|Any CPU
		{0E4829FB-EEFD-4AF4-BDC6-74EAB9549EAA}.Debug|Any CPU.Build.0 = Debug|Any CPU
		{0E4829FB-EEFD-4AF4-BDC6-74EAB9549EAA}.Release|Any CPU.ActiveCfg = Release|Any CPU
		{0E4829FB-EEFD-4AF4-BDC6-74EAB9549EAA}.Release|Any CPU.Build.0 = Release|Any CPU
		{D3C124DC-01D0-4C9A-B0C2-D8BAA3142FEB}.Debug|Any CPU.ActiveCfg = Debug|Any CPU
		{D3C124DC-01D0-4C9A-B0C2-D8BAA3142FEB}.Debug|Any CPU.Build.0 = Debug|Any CPU
		{D3C124DC-01D0-4C9A-B0C2-D8BAA3142FEB}.Release|Any CPU.ActiveCfg = Release|Any CPU
		{D3C124DC-01D0-4C9A-B0C2-D8BAA3142FEB}.Release|Any CPU.Build.0 = Release|Any CPU
		{E33C2C7E-8E61-46FC-9678-AAC0C3BED572}.Debug|Any CPU.ActiveCfg = Debug|Any CPU
		{E33C2C7E-8E61-46FC-9678-AAC0C3BED572}.Debug|Any CPU.Build.0 = Debug|Any CPU
		{E33C2C7E-8E61-46FC-9678-AAC0C3BED572}.Release|Any CPU.ActiveCfg = Release|Any CPU
		{E33C2C7E-8E61-46FC-9678-AAC0C3BED572}.Release|Any CPU.Build.0 = Release|Any CPU
		{20C450B9-2BA8-458D-B6C5-1D0429FBDA29}.Debug|Any CPU.ActiveCfg = Debug|Any CPU
		{20C450B9-2BA8-458D-B6C5-1D0429FBDA29}.Debug|Any CPU.Build.0 = Debug|Any CPU
		{20C450B9-2BA8-458D-B6C5-1D0429FBDA29}.Release|Any CPU.ActiveCfg = Release|Any CPU
		{20C450B9-2BA8-458D-B6C5-1D0429FBDA29}.Release|Any CPU.Build.0 = Release|Any CPU
		{1BE3981C-2387-429E-B993-43B1D06F415E}.Debug|Any CPU.ActiveCfg = Debug|Any CPU
		{1BE3981C-2387-429E-B993-43B1D06F415E}.Debug|Any CPU.Build.0 = Debug|Any CPU
		{1BE3981C-2387-429E-B993-43B1D06F415E}.Release|Any CPU.ActiveCfg = Release|Any CPU
		{1BE3981C-2387-429E-B993-43B1D06F415E}.Release|Any CPU.Build.0 = Release|Any CPU
		{F429F20C-34B4-4754-960A-387B5D1EC75D}.Debug|Any CPU.ActiveCfg = Debug|Any CPU
		{F429F20C-34B4-4754-960A-387B5D1EC75D}.Debug|Any CPU.Build.0 = Debug|Any CPU
		{F429F20C-34B4-4754-960A-387B5D1EC75D}.Release|Any CPU.ActiveCfg = Release|Any CPU
		{F429F20C-34B4-4754-960A-387B5D1EC75D}.Release|Any CPU.Build.0 = Release|Any CPU
		{655EBC1C-2F8F-4C95-AA55-C1C7D7383DE2}.Debug|Any CPU.ActiveCfg = Debug|Any CPU
		{655EBC1C-2F8F-4C95-AA55-C1C7D7383DE2}.Debug|Any CPU.Build.0 = Debug|Any CPU
		{655EBC1C-2F8F-4C95-AA55-C1C7D7383DE2}.Release|Any CPU.ActiveCfg = Release|Any CPU
		{655EBC1C-2F8F-4C95-AA55-C1C7D7383DE2}.Release|Any CPU.Build.0 = Release|Any CPU
		{888C47ED-B4CE-4138-9E57-7562D8525598}.Debug|Any CPU.ActiveCfg = Debug|Any CPU
		{888C47ED-B4CE-4138-9E57-7562D8525598}.Debug|Any CPU.Build.0 = Debug|Any CPU
		{888C47ED-B4CE-4138-9E57-7562D8525598}.Release|Any CPU.ActiveCfg = Release|Any CPU
		{888C47ED-B4CE-4138-9E57-7562D8525598}.Release|Any CPU.Build.0 = Release|Any CPU
		{A4D2333C-39F4-435B-BEA5-FF0244C4FF93}.Debug|Any CPU.ActiveCfg = Debug|Any CPU
		{A4D2333C-39F4-435B-BEA5-FF0244C4FF93}.Debug|Any CPU.Build.0 = Debug|Any CPU
		{A4D2333C-39F4-435B-BEA5-FF0244C4FF93}.Release|Any CPU.ActiveCfg = Release|Any CPU
		{A4D2333C-39F4-435B-BEA5-FF0244C4FF93}.Release|Any CPU.Build.0 = Release|Any CPU
		{2B7D9B6F-555E-4F27-A83A-0C1E0099C79E}.Debug|Any CPU.ActiveCfg = Debug|Any CPU
		{2B7D9B6F-555E-4F27-A83A-0C1E0099C79E}.Debug|Any CPU.Build.0 = Debug|Any CPU
		{2B7D9B6F-555E-4F27-A83A-0C1E0099C79E}.Release|Any CPU.ActiveCfg = Release|Any CPU
		{2B7D9B6F-555E-4F27-A83A-0C1E0099C79E}.Release|Any CPU.Build.0 = Release|Any CPU
		{9C3D4BC0-8D97-443B-9EDB-A8614F88E201}.Debug|Any CPU.ActiveCfg = Debug|Any CPU
		{9C3D4BC0-8D97-443B-9EDB-A8614F88E201}.Debug|Any CPU.Build.0 = Debug|Any CPU
		{9C3D4BC0-8D97-443B-9EDB-A8614F88E201}.Release|Any CPU.ActiveCfg = Release|Any CPU
		{9C3D4BC0-8D97-443B-9EDB-A8614F88E201}.Release|Any CPU.Build.0 = Release|Any CPU
		{ADDCC57D-5A41-421B-AE11-882CA240D5D2}.Debug|Any CPU.ActiveCfg = Debug|Any CPU
		{ADDCC57D-5A41-421B-AE11-882CA240D5D2}.Debug|Any CPU.Build.0 = Debug|Any CPU
		{ADDCC57D-5A41-421B-AE11-882CA240D5D2}.Release|Any CPU.ActiveCfg = Release|Any CPU
		{ADDCC57D-5A41-421B-AE11-882CA240D5D2}.Release|Any CPU.Build.0 = Release|Any CPU
		{5E274301-8B25-4906-A56F-E4C75A956E02}.Debug|Any CPU.ActiveCfg = Debug|Any CPU
		{5E274301-8B25-4906-A56F-E4C75A956E02}.Debug|Any CPU.Build.0 = Debug|Any CPU
		{5E274301-8B25-4906-A56F-E4C75A956E02}.Release|Any CPU.ActiveCfg = Release|Any CPU
		{5E274301-8B25-4906-A56F-E4C75A956E02}.Release|Any CPU.Build.0 = Release|Any CPU
		{FFE6E973-C46E-4C96-BD0C-32F6F6FDDD31}.Debug|Any CPU.ActiveCfg = Debug|Any CPU
		{FFE6E973-C46E-4C96-BD0C-32F6F6FDDD31}.Debug|Any CPU.Build.0 = Debug|Any CPU
		{FFE6E973-C46E-4C96-BD0C-32F6F6FDDD31}.Release|Any CPU.ActiveCfg = Release|Any CPU
		{FFE6E973-C46E-4C96-BD0C-32F6F6FDDD31}.Release|Any CPU.Build.0 = Release|Any CPU
		{DA2E0DE4-7F63-43CB-96AA-5543444B45F4}.Debug|Any CPU.ActiveCfg = Debug|Any CPU
		{DA2E0DE4-7F63-43CB-96AA-5543444B45F4}.Debug|Any CPU.Build.0 = Debug|Any CPU
		{DA2E0DE4-7F63-43CB-96AA-5543444B45F4}.Release|Any CPU.ActiveCfg = Release|Any CPU
		{DA2E0DE4-7F63-43CB-96AA-5543444B45F4}.Release|Any CPU.Build.0 = Release|Any CPU
		{F36FC46A-4BA1-4B10-BC82-DDF4E645E34C}.Debug|Any CPU.ActiveCfg = Debug|Any CPU
		{F36FC46A-4BA1-4B10-BC82-DDF4E645E34C}.Debug|Any CPU.Build.0 = Debug|Any CPU
		{F36FC46A-4BA1-4B10-BC82-DDF4E645E34C}.Release|Any CPU.ActiveCfg = Release|Any CPU
		{F36FC46A-4BA1-4B10-BC82-DDF4E645E34C}.Release|Any CPU.Build.0 = Release|Any CPU
		{9C1312B7-D79D-42F3-9B01-886DF52E29E2}.Debug|Any CPU.ActiveCfg = Debug|Any CPU
		{9C1312B7-D79D-42F3-9B01-886DF52E29E2}.Debug|Any CPU.Build.0 = Debug|Any CPU
		{9C1312B7-D79D-42F3-9B01-886DF52E29E2}.Release|Any CPU.ActiveCfg = Release|Any CPU
		{9C1312B7-D79D-42F3-9B01-886DF52E29E2}.Release|Any CPU.Build.0 = Release|Any CPU
		{ED589B7E-37A1-4285-AEC9-2F62E883211D}.Debug|Any CPU.ActiveCfg = Debug|Any CPU
		{ED589B7E-37A1-4285-AEC9-2F62E883211D}.Debug|Any CPU.Build.0 = Debug|Any CPU
		{ED589B7E-37A1-4285-AEC9-2F62E883211D}.Release|Any CPU.ActiveCfg = Release|Any CPU
		{ED589B7E-37A1-4285-AEC9-2F62E883211D}.Release|Any CPU.Build.0 = Release|Any CPU
		{79F265F7-3690-4032-9D8E-DE455272DC36}.Debug|Any CPU.ActiveCfg = Debug|Any CPU
		{79F265F7-3690-4032-9D8E-DE455272DC36}.Debug|Any CPU.Build.0 = Debug|Any CPU
		{79F265F7-3690-4032-9D8E-DE455272DC36}.Release|Any CPU.ActiveCfg = Release|Any CPU
		{79F265F7-3690-4032-9D8E-DE455272DC36}.Release|Any CPU.Build.0 = Release|Any CPU
		{03DC3200-E8A7-4261-A6E1-AA05D8EF966B}.Debug|Any CPU.ActiveCfg = Debug|Any CPU
		{03DC3200-E8A7-4261-A6E1-AA05D8EF966B}.Debug|Any CPU.Build.0 = Debug|Any CPU
		{03DC3200-E8A7-4261-A6E1-AA05D8EF966B}.Release|Any CPU.ActiveCfg = Release|Any CPU
		{03DC3200-E8A7-4261-A6E1-AA05D8EF966B}.Release|Any CPU.Build.0 = Release|Any CPU
		{CADF149C-5315-4162-B8F5-6170107392EF}.Debug|Any CPU.ActiveCfg = Debug|Any CPU
		{CADF149C-5315-4162-B8F5-6170107392EF}.Debug|Any CPU.Build.0 = Debug|Any CPU
		{CADF149C-5315-4162-B8F5-6170107392EF}.Release|Any CPU.ActiveCfg = Release|Any CPU
		{CADF149C-5315-4162-B8F5-6170107392EF}.Release|Any CPU.Build.0 = Release|Any CPU
		{9D7A3C60-C75B-48AB-9DA8-06667A9E3B34}.Debug|Any CPU.ActiveCfg = Debug|Any CPU
		{9D7A3C60-C75B-48AB-9DA8-06667A9E3B34}.Debug|Any CPU.Build.0 = Debug|Any CPU
		{9D7A3C60-C75B-48AB-9DA8-06667A9E3B34}.Release|Any CPU.ActiveCfg = Release|Any CPU
		{9D7A3C60-C75B-48AB-9DA8-06667A9E3B34}.Release|Any CPU.Build.0 = Release|Any CPU
		{E860A173-C49C-4A5B-95E8-EB4C9300FE27}.Debug|Any CPU.ActiveCfg = Debug|Any CPU
		{E860A173-C49C-4A5B-95E8-EB4C9300FE27}.Debug|Any CPU.Build.0 = Debug|Any CPU
		{E860A173-C49C-4A5B-95E8-EB4C9300FE27}.Release|Any CPU.ActiveCfg = Release|Any CPU
		{E860A173-C49C-4A5B-95E8-EB4C9300FE27}.Release|Any CPU.Build.0 = Release|Any CPU
		{4397ADE0-8FAF-470E-B8ED-768BA217F538}.Debug|Any CPU.ActiveCfg = Debug|Any CPU
		{4397ADE0-8FAF-470E-B8ED-768BA217F538}.Debug|Any CPU.Build.0 = Debug|Any CPU
		{4397ADE0-8FAF-470E-B8ED-768BA217F538}.Release|Any CPU.ActiveCfg = Release|Any CPU
		{4397ADE0-8FAF-470E-B8ED-768BA217F538}.Release|Any CPU.Build.0 = Release|Any CPU
		{CA198AA8-D15F-443B-89E4-713A4758EDCC}.Debug|Any CPU.ActiveCfg = Debug|Any CPU
		{CA198AA8-D15F-443B-89E4-713A4758EDCC}.Debug|Any CPU.Build.0 = Debug|Any CPU
		{CA198AA8-D15F-443B-89E4-713A4758EDCC}.Release|Any CPU.ActiveCfg = Release|Any CPU
		{CA198AA8-D15F-443B-89E4-713A4758EDCC}.Release|Any CPU.Build.0 = Release|Any CPU
		{AB1C1B6A-87E6-4004-8260-D3CA82F09B40}.Debug|Any CPU.ActiveCfg = Debug|Any CPU
		{AB1C1B6A-87E6-4004-8260-D3CA82F09B40}.Debug|Any CPU.Build.0 = Debug|Any CPU
		{AB1C1B6A-87E6-4004-8260-D3CA82F09B40}.Release|Any CPU.ActiveCfg = Release|Any CPU
		{AB1C1B6A-87E6-4004-8260-D3CA82F09B40}.Release|Any CPU.Build.0 = Release|Any CPU
		{53B90C4A-3CF9-4000-8C10-4035DF18B103}.Debug|Any CPU.ActiveCfg = Debug|Any CPU
		{53B90C4A-3CF9-4000-8C10-4035DF18B103}.Debug|Any CPU.Build.0 = Debug|Any CPU
		{53B90C4A-3CF9-4000-8C10-4035DF18B103}.Release|Any CPU.ActiveCfg = Release|Any CPU
		{53B90C4A-3CF9-4000-8C10-4035DF18B103}.Release|Any CPU.Build.0 = Release|Any CPU
		{3F7A8686-F07F-4BCD-B158-6C9F0554AFE7}.Debug|Any CPU.ActiveCfg = Debug|Any CPU
		{3F7A8686-F07F-4BCD-B158-6C9F0554AFE7}.Debug|Any CPU.Build.0 = Debug|Any CPU
		{3F7A8686-F07F-4BCD-B158-6C9F0554AFE7}.Release|Any CPU.ActiveCfg = Release|Any CPU
		{3F7A8686-F07F-4BCD-B158-6C9F0554AFE7}.Release|Any CPU.Build.0 = Release|Any CPU
		{69D8E89B-96A7-41BC-8C15-73DB003D5D2E}.Debug|Any CPU.ActiveCfg = Debug|Any CPU
		{69D8E89B-96A7-41BC-8C15-73DB003D5D2E}.Debug|Any CPU.Build.0 = Debug|Any CPU
		{69D8E89B-96A7-41BC-8C15-73DB003D5D2E}.Release|Any CPU.ActiveCfg = Release|Any CPU
		{69D8E89B-96A7-41BC-8C15-73DB003D5D2E}.Release|Any CPU.Build.0 = Release|Any CPU
		{BEE08654-3BC6-4641-910F-0F1AB08FB6F3}.Debug|Any CPU.ActiveCfg = Debug|Any CPU
		{BEE08654-3BC6-4641-910F-0F1AB08FB6F3}.Debug|Any CPU.Build.0 = Debug|Any CPU
		{BEE08654-3BC6-4641-910F-0F1AB08FB6F3}.Release|Any CPU.ActiveCfg = Release|Any CPU
		{BEE08654-3BC6-4641-910F-0F1AB08FB6F3}.Release|Any CPU.Build.0 = Release|Any CPU
		{6F319AEA-9AA4-4A88-AFD5-6D2B9FDB36CE}.Debug|Any CPU.ActiveCfg = Debug|Any CPU
		{6F319AEA-9AA4-4A88-AFD5-6D2B9FDB36CE}.Debug|Any CPU.Build.0 = Debug|Any CPU
		{6F319AEA-9AA4-4A88-AFD5-6D2B9FDB36CE}.Release|Any CPU.ActiveCfg = Release|Any CPU
		{6F319AEA-9AA4-4A88-AFD5-6D2B9FDB36CE}.Release|Any CPU.Build.0 = Release|Any CPU
	EndGlobalSection
	GlobalSection(SolutionProperties) = preSolution
		HideSolutionNode = FALSE
	EndGlobalSection
	GlobalSection(NestedProjects) = preSolution
		{C3945C93-AB57-4BB9-9A23-FCBD8F5A4219} = {28302D61-48C8-4295-8E6B-08300FB8DF1F}
		{307737CB-7B8C-4799-B45D-7E46A568184A} = {267E77CF-DD5E-4CB7-99F6-7D7BBC6BF6CC}
		{E5D74B50-A6B8-417E-BBA0-054416421D18} = {267E77CF-DD5E-4CB7-99F6-7D7BBC6BF6CC}
		{50B726FE-FFE6-4873-BF13-D8A373E1BE50} = {AEB3648A-C566-4C02-BA51-1D9B6F0A2768}
		{D19C4A0F-FA86-4866-AE9D-76ED0B7BBDD7} = {AEB3648A-C566-4C02-BA51-1D9B6F0A2768}
		{E04F4157-E090-4B38-BA1B-2D63239CA718} = {AEB3648A-C566-4C02-BA51-1D9B6F0A2768}
		{E0E5B591-1FF5-49A6-BB1F-AA33E3338448} = {AEB3648A-C566-4C02-BA51-1D9B6F0A2768}
		{1CACB3E3-66D3-4544-9084-8B1C05094E07} = {AEB3648A-C566-4C02-BA51-1D9B6F0A2768}
		{0DE13C85-44A9-4D26-B85C-0838973F5078} = {61170D4B-1281-4444-A76F-6A44782198ED}
		{FB747F53-97E4-415E-B13E-B2D22C28C31B} = {61170D4B-1281-4444-A76F-6A44782198ED}
		{4EC0330D-CAD1-4ED6-9A66-74DB4D8C101B} = {61170D4B-1281-4444-A76F-6A44782198ED}
		{A11D6356-4DA6-43A2-B84F-495421E80516} = {61170D4B-1281-4444-A76F-6A44782198ED}
		{511DFC3A-F520-48FB-ACC0-95FF7A931A18} = {61170D4B-1281-4444-A76F-6A44782198ED}
		{EC0268C0-2D4B-46CF-9AC9-D90C6F0E78DD} = {61170D4B-1281-4444-A76F-6A44782198ED}
		{5DF3F80F-DA89-4275-BA1E-46F0F2E082C1} = {61170D4B-1281-4444-A76F-6A44782198ED}
		{C37EE1ED-639A-4C38-8286-C947ED724B21} = {61170D4B-1281-4444-A76F-6A44782198ED}
		{DFB62C97-9FAF-4A74-8AA4-316E78C6CB37} = {213A14AA-CC26-40C9-A404-EDA0389986B8}
		{0E4829FB-EEFD-4AF4-BDC6-74EAB9549EAA} = {213A14AA-CC26-40C9-A404-EDA0389986B8}
		{D3C124DC-01D0-4C9A-B0C2-D8BAA3142FEB} = {7BB6BE2D-79AF-4234-BF7B-36C98B756CB8}
		{E33C2C7E-8E61-46FC-9678-AAC0C3BED572} = {7BB6BE2D-79AF-4234-BF7B-36C98B756CB8}
		{20C450B9-2BA8-458D-B6C5-1D0429FBDA29} = {7BB6BE2D-79AF-4234-BF7B-36C98B756CB8}
		{1BE3981C-2387-429E-B993-43B1D06F415E} = {7BB6BE2D-79AF-4234-BF7B-36C98B756CB8}
		{F429F20C-34B4-4754-960A-387B5D1EC75D} = {7BB6BE2D-79AF-4234-BF7B-36C98B756CB8}
		{655EBC1C-2F8F-4C95-AA55-C1C7D7383DE2} = {7BB6BE2D-79AF-4234-BF7B-36C98B756CB8}
		{888C47ED-B4CE-4138-9E57-7562D8525598} = {7BB6BE2D-79AF-4234-BF7B-36C98B756CB8}
		{A4D2333C-39F4-435B-BEA5-FF0244C4FF93} = {7BB6BE2D-79AF-4234-BF7B-36C98B756CB8}
		{2B7D9B6F-555E-4F27-A83A-0C1E0099C79E} = {B345A03A-D11B-4BA2-881D-4E5E64D038A2}
		{9C3D4BC0-8D97-443B-9EDB-A8614F88E201} = {B345A03A-D11B-4BA2-881D-4E5E64D038A2}
		{ADDCC57D-5A41-421B-AE11-882CA240D5D2} = {B345A03A-D11B-4BA2-881D-4E5E64D038A2}
		{5E274301-8B25-4906-A56F-E4C75A956E02} = {B345A03A-D11B-4BA2-881D-4E5E64D038A2}
		{FFE6E973-C46E-4C96-BD0C-32F6F6FDDD31} = {DB9C41EE-0AA1-43DC-8C8C-3B8254011F0D}
		{DA2E0DE4-7F63-43CB-96AA-5543444B45F4} = {DB9C41EE-0AA1-43DC-8C8C-3B8254011F0D}
		{F36FC46A-4BA1-4B10-BC82-DDF4E645E34C} = {DB9C41EE-0AA1-43DC-8C8C-3B8254011F0D}
		{9C1312B7-D79D-42F3-9B01-886DF52E29E2} = {E7A0243A-7A5D-4F44-9B2F-E65B3FAE65D4}
		{ED589B7E-37A1-4285-AEC9-2F62E883211D} = {E7A0243A-7A5D-4F44-9B2F-E65B3FAE65D4}
		{79F265F7-3690-4032-9D8E-DE455272DC36} = {62D04F9E-9C35-4BC3-8955-8E67791C1D16}
		{03DC3200-E8A7-4261-A6E1-AA05D8EF966B} = {62D04F9E-9C35-4BC3-8955-8E67791C1D16}
		{CADF149C-5315-4162-B8F5-6170107392EF} = {62D04F9E-9C35-4BC3-8955-8E67791C1D16}
		{9D7A3C60-C75B-48AB-9DA8-06667A9E3B34} = {62D04F9E-9C35-4BC3-8955-8E67791C1D16}
		{E860A173-C49C-4A5B-95E8-EB4C9300FE27} = {908E2CC6-B6EF-4CC5-98DE-49D14B433F0E}
		{4397ADE0-8FAF-470E-B8ED-768BA217F538} = {908E2CC6-B6EF-4CC5-98DE-49D14B433F0E}
		{CA198AA8-D15F-443B-89E4-713A4758EDCC} = {8D2459C1-7938-4E88-9284-A972A05B7FFF}
		{AB1C1B6A-87E6-4004-8260-D3CA82F09B40} = {8D2459C1-7938-4E88-9284-A972A05B7FFF}
		{53B90C4A-3CF9-4000-8C10-4035DF18B103} = {8D2459C1-7938-4E88-9284-A972A05B7FFF}
		{3F7A8686-F07F-4BCD-B158-6C9F0554AFE7} = {375FE15A-9EB7-42E1-AB53-45BC774554C6}
		{69D8E89B-96A7-41BC-8C15-73DB003D5D2E} = {375FE15A-9EB7-42E1-AB53-45BC774554C6}
		{BEE08654-3BC6-4641-910F-0F1AB08FB6F3} = {375FE15A-9EB7-42E1-AB53-45BC774554C6}
		{6F319AEA-9AA4-4A88-AFD5-6D2B9FDB36CE} = {56BAD6D7-6CC2-4E80-BF6F-BA5203B032E8}
	EndGlobalSection
	GlobalSection(ExtensibilityGlobals) = postSolution
		SolutionGuid = {155B87F9-6BA8-453E-B558-6020FA54B46C}
	EndGlobalSection
EndGlobal
